
Microsoft Visual Studio Solution File, Format Version 12.00
# Visual Studio 15
VisualStudioVersion = 15.0.28307.1259
MinimumVisualStudioVersion = 10.0.40219.1
Project("{FAE04EC0-301F-11D3-BF4B-00C04F79EFBC}") = "Hotel_Management_System_Guardiana", "Hotel_Management_System_Guardiana\Hotel_Management_System_Guardiana.csproj", "{36D914BB-BDEF-4DB8-B0DF-DEC424071544}"
EndProject
Global
	GlobalSection(SolutionConfigurationPlatforms) = preSolution
		Debug|Any CPU = Debug|Any CPU
		Release|Any CPU = Release|Any CPU
	EndGlobalSection
	GlobalSection(ProjectConfigurationPlatforms) = postSolution
		{36D914BB-BDEF-4DB8-B0DF-DEC424071544}.Debug|Any CPU.ActiveCfg = Debug|Any CPU
		{36D914BB-BDEF-4DB8-B0DF-DEC424071544}.Debug|Any CPU.Build.0 = Debug|Any CPU
		{36D914BB-BDEF-4DB8-B0DF-DEC424071544}.Release|Any CPU.ActiveCfg = Release|Any CPU
		{36D914BB-BDEF-4DB8-B0DF-DEC424071544}.Release|Any CPU.Build.0 = Release|Any CPU
	EndGlobalSection
	GlobalSection(SolutionProperties) = preSolution
		HideSolutionNode = FALSE
	EndGlobalSection
	GlobalSection(ExtensibilityGlobals) = postSolution
		SolutionGuid = {C0BD0519-B564-44DB-B8DD-9E41872CE876}
	EndGlobalSection
EndGlobal
